
Microsoft Visual Studio Solution File, Format Version 12.00
# Visual Studio Version 17
VisualStudioVersion = 17.5.002.0
MinimumVisualStudioVersion = 10.0.40219.1
Project("{9A19103F-16F7-4668-BE54-9A1E7A4F7556}") = "P001", "P001\P001.csproj", "{2D2F5EEB-1A0C-4AF4-9F82-35CD41643E3E}"
EndProject
Project("{9A19103F-16F7-4668-BE54-9A1E7A4F7556}") = "P002", "P002\P002.csproj", "{F1F05C7C-4B21-4969-8595-50D61ECB8EC2}"
EndProject
Project("{9A19103F-16F7-4668-BE54-9A1E7A4F7556}") = "P003", "P003\P003.csproj", "{EB853EE6-3518-4BD4-8A52-9EAE2E20951F}"
EndProject
Project("{9A19103F-16F7-4668-BE54-9A1E7A4F7556}") = "prova", "prova\prova.csproj", "{451ECB7A-D0B8-4E41-A1E2-7C55E5687780}"
EndProject
Project("{9A19103F-16F7-4668-BE54-9A1E7A4F7556}") = "semana02", "semana02\semana02.csproj", "{3866CDFE-841E-4650-BAC7-4FBEBACA6E3A}"
EndProject
Project("{9A19103F-16F7-4668-BE54-9A1E7A4F7556}") = "semana03", "semana03\semana03.csproj", "{DD5A0124-EB89-48E4-B327-8B7B58F8FEE3}"
EndProject
Project("{2150E333-8FDC-42A3-9474-1A3956D46DE8}") = "semana01", "semana01", "{57B9AB97-D00E-4CBF-8F6B-DE61E0E1B65D}"
EndProject
Project("{9A19103F-16F7-4668-BE54-9A1E7A4F7556}") = "meuprimeiroprojeto", "semana01\meuprimeiroprojeto\meuprimeiroprojeto.csproj", "{84437D3A-33C8-46A9-A941-B38D3BCD2E04}"
EndProject
Global
	GlobalSection(SolutionConfigurationPlatforms) = preSolution
		Debug|Any CPU = Debug|Any CPU
		Release|Any CPU = Release|Any CPU
	EndGlobalSection
	GlobalSection(ProjectConfigurationPlatforms) = postSolution
		{2D2F5EEB-1A0C-4AF4-9F82-35CD41643E3E}.Debug|Any CPU.ActiveCfg = Debug|Any CPU
		{2D2F5EEB-1A0C-4AF4-9F82-35CD41643E3E}.Debug|Any CPU.Build.0 = Debug|Any CPU
		{2D2F5EEB-1A0C-4AF4-9F82-35CD41643E3E}.Release|Any CPU.ActiveCfg = Release|Any CPU
		{2D2F5EEB-1A0C-4AF4-9F82-35CD41643E3E}.Release|Any CPU.Build.0 = Release|Any CPU
		{F1F05C7C-4B21-4969-8595-50D61ECB8EC2}.Debug|Any CPU.ActiveCfg = Debug|Any CPU
		{F1F05C7C-4B21-4969-8595-50D61ECB8EC2}.Debug|Any CPU.Build.0 = Debug|Any CPU
		{F1F05C7C-4B21-4969-8595-50D61ECB8EC2}.Release|Any CPU.ActiveCfg = Release|Any CPU
		{F1F05C7C-4B21-4969-8595-50D61ECB8EC2}.Release|Any CPU.Build.0 = Release|Any CPU
		{EB853EE6-3518-4BD4-8A52-9EAE2E20951F}.Debug|Any CPU.ActiveCfg = Debug|Any CPU
		{EB853EE6-3518-4BD4-8A52-9EAE2E20951F}.Debug|Any CPU.Build.0 = Debug|Any CPU
		{EB853EE6-3518-4BD4-8A52-9EAE2E20951F}.Release|Any CPU.ActiveCfg = Release|Any CPU
		{EB853EE6-3518-4BD4-8A52-9EAE2E20951F}.Release|Any CPU.Build.0 = Release|Any CPU
		{451ECB7A-D0B8-4E41-A1E2-7C55E5687780}.Debug|Any CPU.ActiveCfg = Debug|Any CPU
		{451ECB7A-D0B8-4E41-A1E2-7C55E5687780}.Debug|Any CPU.Build.0 = Debug|Any CPU
		{451ECB7A-D0B8-4E41-A1E2-7C55E5687780}.Release|Any CPU.ActiveCfg = Release|Any CPU
		{451ECB7A-D0B8-4E41-A1E2-7C55E5687780}.Release|Any CPU.Build.0 = Release|Any CPU
		{3866CDFE-841E-4650-BAC7-4FBEBACA6E3A}.Debug|Any CPU.ActiveCfg = Debug|Any CPU
		{3866CDFE-841E-4650-BAC7-4FBEBACA6E3A}.Debug|Any CPU.Build.0 = Debug|Any CPU
		{3866CDFE-841E-4650-BAC7-4FBEBACA6E3A}.Release|Any CPU.ActiveCfg = Release|Any CPU
		{3866CDFE-841E-4650-BAC7-4FBEBACA6E3A}.Release|Any CPU.Build.0 = Release|Any CPU
		{DD5A0124-EB89-48E4-B327-8B7B58F8FEE3}.Debug|Any CPU.ActiveCfg = Debug|Any CPU
		{DD5A0124-EB89-48E4-B327-8B7B58F8FEE3}.Debug|Any CPU.Build.0 = Debug|Any CPU
		{DD5A0124-EB89-48E4-B327-8B7B58F8FEE3}.Release|Any CPU.ActiveCfg = Release|Any CPU
		{DD5A0124-EB89-48E4-B327-8B7B58F8FEE3}.Release|Any CPU.Build.0 = Release|Any CPU
		{84437D3A-33C8-46A9-A941-B38D3BCD2E04}.Debug|Any CPU.ActiveCfg = Debug|Any CPU
		{84437D3A-33C8-46A9-A941-B38D3BCD2E04}.Debug|Any CPU.Build.0 = Debug|Any CPU
		{84437D3A-33C8-46A9-A941-B38D3BCD2E04}.Release|Any CPU.ActiveCfg = Release|Any CPU
		{84437D3A-33C8-46A9-A941-B38D3BCD2E04}.Release|Any CPU.Build.0 = Release|Any CPU
	EndGlobalSection
	GlobalSection(SolutionProperties) = preSolution
		HideSolutionNode = FALSE
	EndGlobalSection
	GlobalSection(NestedProjects) = preSolution
		{84437D3A-33C8-46A9-A941-B38D3BCD2E04} = {57B9AB97-D00E-4CBF-8F6B-DE61E0E1B65D}
	EndGlobalSection
	GlobalSection(ExtensibilityGlobals) = postSolution
		SolutionGuid = {241D7D5E-ADB9-40FD-A557-FF10E04972EF}
	EndGlobalSection
EndGlobal
